# This file is automatically @generated by Poetry 1.8.3 and should not be changed by hand.

[[package]]
name = "async-timeout"
version = "4.0.3"
description = "Timeout context manager for asyncio programs"
optional = false
python-versions = ">=3.7"
files = [
    {file = "async-timeout-4.0.3.tar.gz", hash = "sha256:4640d96be84d82d02ed59ea2b7105a0f7b33abe8703703cd0ab0bf87c427522f"},
    {file = "async_timeout-4.0.3-py3-none-any.whl", hash = "sha256:7405140ff1230c310e51dc27b3145b9092d659ce68ff733fb0cefe3ee42be028"},
]

[[package]]
name = "attrs"
version = "24.2.0"
description = "Classes Without Boilerplate"
optional = false
python-versions = ">=3.7"
files = [
    {file = "attrs-24.2.0-py3-none-any.whl", hash = "sha256:81921eb96de3191c8258c199618104dd27ac608d9366f5e35d011eae1867ede2"},
    {file = "attrs-24.2.0.tar.gz", hash = "sha256:5cfb1b9148b5b086569baec03f20d7b6bf3bcacc9a42bebf87ffaaca362f6346"},
]

[package.extras]
benchmark = ["cloudpickle", "hypothesis", "mypy (>=1.11.1)", "pympler", "pytest (>=4.3.0)", "pytest-codspeed", "pytest-mypy-plugins", "pytest-xdist[psutil]"]
cov = ["cloudpickle", "coverage[toml] (>=5.3)", "hypothesis", "mypy (>=1.11.1)", "pympler", "pytest (>=4.3.0)", "pytest-mypy-plugins", "pytest-xdist[psutil]"]
dev = ["cloudpickle", "hypothesis", "mypy (>=1.11.1)", "pre-commit", "pympler", "pytest (>=4.3.0)", "pytest-mypy-plugins", "pytest-xdist[psutil]"]
docs = ["cogapp", "furo", "myst-parser", "sphinx", "sphinx-notfound-page", "sphinxcontrib-towncrier", "towncrier (<24.7)"]
tests = ["cloudpickle", "hypothesis", "mypy (>=1.11.1)", "pympler", "pytest (>=4.3.0)", "pytest-mypy-plugins", "pytest-xdist[psutil]"]
tests-mypy = ["mypy (>=1.11.1)", "pytest-mypy-plugins"]

[[package]]
name = "colorama"
version = "0.4.6"
description = "Cross-platform colored terminal text."
optional = false
python-versions = "!=3.0.*,!=3.1.*,!=3.2.*,!=3.3.*,!=3.4.*,!=3.5.*,!=3.6.*,>=2.7"
files = [
    {file = "colorama-0.4.6-py2.py3-none-any.whl", hash = "sha256:4f1d9991f5acc0ca119f9d443620b77f9d6b33703e51011c16baf57afb285fc6"},
    {file = "colorama-0.4.6.tar.gz", hash = "sha256:08695f5cb7ed6e0531a20572697297273c47b8cae5a63ffc6d6ed5c201be6e44"},
]

[[package]]
name = "coverage"
version = "7.6.1"
description = "Code coverage measurement for Python"
optional = false
python-versions = ">=3.8"
files = [
    {file = "coverage-7.6.1-cp310-cp310-macosx_10_9_x86_64.whl", hash = "sha256:b06079abebbc0e89e6163b8e8f0e16270124c154dc6e4a47b413dd538859af16"},
    {file = "coverage-7.6.1-cp310-cp310-macosx_11_0_arm64.whl", hash = "sha256:cf4b19715bccd7ee27b6b120e7e9dd56037b9c0681dcc1adc9ba9db3d417fa36"},
    {file = "coverage-7.6.1-cp310-cp310-manylinux_2_17_aarch64.manylinux2014_aarch64.whl", hash = "sha256:e61c0abb4c85b095a784ef23fdd4aede7a2628478e7baba7c5e3deba61070a02"},
    {file = "coverage-7.6.1-cp310-cp310-manylinux_2_5_i686.manylinux1_i686.manylinux_2_17_i686.manylinux2014_i686.whl", hash = "sha256:fd21f6ae3f08b41004dfb433fa895d858f3f5979e7762d052b12aef444e29afc"},
    {file = "coverage-7.6.1-cp310-cp310-manylinux_2_5_x86_64.manylinux1_x86_64.manylinux_2_17_x86_64.manylinux2014_x86_64.whl", hash = "sha256:8f59d57baca39b32db42b83b2a7ba6f47ad9c394ec2076b084c3f029b7afca23"},
    {file = "coverage-7.6.1-cp310-cp310-musllinux_1_2_aarch64.whl", hash = "sha256:a1ac0ae2b8bd743b88ed0502544847c3053d7171a3cff9228af618a068ed9c34"},
    {file = "coverage-7.6.1-cp310-cp310-musllinux_1_2_i686.whl", hash = "sha256:e6a08c0be454c3b3beb105c0596ebdc2371fab6bb90c0c0297f4e58fd7e1012c"},
    {file = "coverage-7.6.1-cp310-cp310-musllinux_1_2_x86_64.whl", hash = "sha256:f5796e664fe802da4f57a168c85359a8fbf3eab5e55cd4e4569fbacecc903959"},
    {file = "coverage-7.6.1-cp310-cp310-win32.whl", hash = "sha256:7bb65125fcbef8d989fa1dd0e8a060999497629ca5b0efbca209588a73356232"},
    {file = "coverage-7.6.1-cp310-cp310-win_amd64.whl", hash = "sha256:3115a95daa9bdba70aea750db7b96b37259a81a709223c8448fa97727d546fe0"},
    {file = "coverage-7.6.1-cp311-cp311-macosx_10_9_x86_64.whl", hash = "sha256:7dea0889685db8550f839fa202744652e87c60015029ce3f60e006f8c4462c93"},
    {file = "coverage-7.6.1-cp311-cp311-macosx_11_0_arm64.whl", hash = "sha256:ed37bd3c3b063412f7620464a9ac1314d33100329f39799255fb8d3027da50d3"},
    {file = "coverage-7.6.1-cp311-cp311-manylinux_2_17_aarch64.manylinux2014_aarch64.whl", hash = "sha256:d85f5e9a5f8b73e2350097c3756ef7e785f55bd71205defa0bfdaf96c31616ff"},
    {file = "coverage-7.6.1-cp311-cp311-manylinux_2_5_i686.manylinux1_i686.manylinux_2_17_i686.manylinux2014_i686.whl", hash = "sha256:9bc572be474cafb617672c43fe989d6e48d3c83af02ce8de73fff1c6bb3c198d"},
    {file = "coverage-7.6.1-cp311-cp311-manylinux_2_5_x86_64.manylinux1_x86_64.manylinux_2_17_x86_64.manylinux2014_x86_64.whl", hash = "sha256:0c0420b573964c760df9e9e86d1a9a622d0d27f417e1a949a8a66dd7bcee7bc6"},
    {file = "coverage-7.6.1-cp311-cp311-musllinux_1_2_aarch64.whl", hash = "sha256:1f4aa8219db826ce6be7099d559f8ec311549bfc4046f7f9fe9b5cea5c581c56"},
    {file = "coverage-7.6.1-cp311-cp311-musllinux_1_2_i686.whl", hash = "sha256:fc5a77d0c516700ebad189b587de289a20a78324bc54baee03dd486f0855d234"},
    {file = "coverage-7.6.1-cp311-cp311-musllinux_1_2_x86_64.whl", hash = "sha256:b48f312cca9621272ae49008c7f613337c53fadca647d6384cc129d2996d1133"},
    {file = "coverage-7.6.1-cp311-cp311-win32.whl", hash = "sha256:1125ca0e5fd475cbbba3bb67ae20bd2c23a98fac4e32412883f9bcbaa81c314c"},
    {file = "coverage-7.6.1-cp311-cp311-win_amd64.whl", hash = "sha256:8ae539519c4c040c5ffd0632784e21b2f03fc1340752af711f33e5be83a9d6c6"},
    {file = "coverage-7.6.1-cp312-cp312-macosx_10_9_x86_64.whl", hash = "sha256:95cae0efeb032af8458fc27d191f85d1717b1d4e49f7cb226cf526ff28179778"},
    {file = "coverage-7.6.1-cp312-cp312-macosx_11_0_arm64.whl", hash = "sha256:5621a9175cf9d0b0c84c2ef2b12e9f5f5071357c4d2ea6ca1cf01814f45d2391"},
    {file = "coverage-7.6.1-cp312-cp312-manylinux_2_17_aarch64.manylinux2014_aarch64.whl", hash = "sha256:260933720fdcd75340e7dbe9060655aff3af1f0c5d20f46b57f262ab6c86a5e8"},
    {file = "coverage-7.6.1-cp312-cp312-manylinux_2_5_i686.manylinux1_i686.manylinux_2_17_i686.manylinux2014_i686.whl", hash = "sha256:07e2ca0ad381b91350c0ed49d52699b625aab2b44b65e1b4e02fa9df0e92ad2d"},
    {file = "coverage-7.6.1-cp312-cp312-manylinux_2_5_x86_64.manylinux1_x86_64.manylinux_2_17_x86_64.manylinux2014_x86_64.whl", hash = "sha256:c44fee9975f04b33331cb8eb272827111efc8930cfd582e0320613263ca849ca"},
    {file = "coverage-7.6.1-cp312-cp312-musllinux_1_2_aarch64.whl", hash = "sha256:877abb17e6339d96bf08e7a622d05095e72b71f8afd8a9fefc82cf30ed944163"},
    {file = "coverage-7.6.1-cp312-cp312-musllinux_1_2_i686.whl", hash = "sha256:3e0cadcf6733c09154b461f1ca72d5416635e5e4ec4e536192180d34ec160f8a"},
    {file = "coverage-7.6.1-cp312-cp312-musllinux_1_2_x86_64.whl", hash = "sha256:c3c02d12f837d9683e5ab2f3d9844dc57655b92c74e286c262e0fc54213c216d"},
    {file = "coverage-7.6.1-cp312-cp312-win32.whl", hash = "sha256:e05882b70b87a18d937ca6768ff33cc3f72847cbc4de4491c8e73880766718e5"},
    {file = "coverage-7.6.1-cp312-cp312-win_amd64.whl", hash = "sha256:b5d7b556859dd85f3a541db6a4e0167b86e7273e1cdc973e5b175166bb634fdb"},
    {file = "coverage-7.6.1-cp313-cp313-macosx_10_13_x86_64.whl", hash = "sha256:a4acd025ecc06185ba2b801f2de85546e0b8ac787cf9d3b06e7e2a69f925b106"},
    {file = "coverage-7.6.1-cp313-cp313-macosx_11_0_arm64.whl", hash = "sha256:a6d3adcf24b624a7b778533480e32434a39ad8fa30c315208f6d3e5542aeb6e9"},
    {file = "coverage-7.6.1-cp313-cp313-manylinux_2_17_aarch64.manylinux2014_aarch64.whl", hash = "sha256:d0c212c49b6c10e6951362f7c6df3329f04c2b1c28499563d4035d964ab8e08c"},
    {file = "coverage-7.6.1-cp313-cp313-manylinux_2_5_i686.manylinux1_i686.manylinux_2_17_i686.manylinux2014_i686.whl", hash = "sha256:6e81d7a3e58882450ec4186ca59a3f20a5d4440f25b1cff6f0902ad890e6748a"},
    {file = "coverage-7.6.1-cp313-cp313-manylinux_2_5_x86_64.manylinux1_x86_64.manylinux_2_17_x86_64.manylinux2014_x86_64.whl", hash = "sha256:78b260de9790fd81e69401c2dc8b17da47c8038176a79092a89cb2b7d945d060"},
    {file = "coverage-7.6.1-cp313-cp313-musllinux_1_2_aarch64.whl", hash = "sha256:a78d169acd38300060b28d600344a803628c3fd585c912cacc9ea8790fe96862"},
    {file = "coverage-7.6.1-cp313-cp313-musllinux_1_2_i686.whl", hash = "sha256:2c09f4ce52cb99dd7505cd0fc8e0e37c77b87f46bc9c1eb03fe3bc9991085388"},
    {file = "coverage-7.6.1-cp313-cp313-musllinux_1_2_x86_64.whl", hash = "sha256:6878ef48d4227aace338d88c48738a4258213cd7b74fd9a3d4d7582bb1d8a155"},
    {file = "coverage-7.6.1-cp313-cp313-win32.whl", hash = "sha256:44df346d5215a8c0e360307d46ffaabe0f5d3502c8a1cefd700b34baf31d411a"},
    {file = "coverage-7.6.1-cp313-cp313-win_amd64.whl", hash = "sha256:8284cf8c0dd272a247bc154eb6c95548722dce90d098c17a883ed36e67cdb129"},
    {file = "coverage-7.6.1-cp313-cp313t-macosx_10_13_x86_64.whl", hash = "sha256:d3296782ca4eab572a1a4eca686d8bfb00226300dcefdf43faa25b5242ab8a3e"},
    {file = "coverage-7.6.1-cp313-cp313t-macosx_11_0_arm64.whl", hash = "sha256:502753043567491d3ff6d08629270127e0c31d4184c4c8d98f92c26f65019962"},
    {file = "coverage-7.6.1-cp313-cp313t-manylinux_2_17_aarch64.manylinux2014_aarch64.whl", hash = "sha256:6a89ecca80709d4076b95f89f308544ec8f7b4727e8a547913a35f16717856cb"},
    {file = "coverage-7.6.1-cp313-cp313t-manylinux_2_5_i686.manylinux1_i686.manylinux_2_17_i686.manylinux2014_i686.whl", hash = "sha256:a318d68e92e80af8b00fa99609796fdbcdfef3629c77c6283566c6f02c6d6704"},
    {file = "coverage-7.6.1-cp313-cp313t-manylinux_2_5_x86_64.manylinux1_x86_64.manylinux_2_17_x86_64.manylinux2014_x86_64.whl", hash = "sha256:13b0a73a0896988f053e4fbb7de6d93388e6dd292b0d87ee51d106f2c11b465b"},
    {file = "coverage-7.6.1-cp313-cp313t-musllinux_1_2_aarch64.whl", hash = "sha256:4421712dbfc5562150f7554f13dde997a2e932a6b5f352edcce948a815efee6f"},
    {file = "coverage-7.6.1-cp313-cp313t-musllinux_1_2_i686.whl", hash = "sha256:166811d20dfea725e2e4baa71fffd6c968a958577848d2131f39b60043400223"},
    {file = "coverage-7.6.1-cp313-cp313t-musllinux_1_2_x86_64.whl", hash = "sha256:225667980479a17db1048cb2bf8bfb39b8e5be8f164b8f6628b64f78a72cf9d3"},
    {file = "coverage-7.6.1-cp313-cp313t-win32.whl", hash = "sha256:170d444ab405852903b7d04ea9ae9b98f98ab6d7e63e1115e82620807519797f"},
    {file = "coverage-7.6.1-cp313-cp313t-win_amd64.whl", hash = "sha256:b9f222de8cded79c49bf184bdbc06630d4c58eec9459b939b4a690c82ed05657"},
    {file = "coverage-7.6.1-cp38-cp38-macosx_10_9_x86_64.whl", hash = "sha256:6db04803b6c7291985a761004e9060b2bca08da6d04f26a7f2294b8623a0c1a0"},
    {file = "coverage-7.6.1-cp38-cp38-macosx_11_0_arm64.whl", hash = "sha256:f1adfc8ac319e1a348af294106bc6a8458a0f1633cc62a1446aebc30c5fa186a"},
    {file = "coverage-7.6.1-cp38-cp38-manylinux_2_17_aarch64.manylinux2014_aarch64.whl", hash = "sha256:a95324a9de9650a729239daea117df21f4b9868ce32e63f8b650ebe6cef5595b"},
    {file = "coverage-7.6.1-cp38-cp38-manylinux_2_5_i686.manylinux1_i686.manylinux_2_17_i686.manylinux2014_i686.whl", hash = "sha256:b43c03669dc4618ec25270b06ecd3ee4fa94c7f9b3c14bae6571ca00ef98b0d3"},
    {file = "coverage-7.6.1-cp38-cp38-manylinux_2_5_x86_64.manylinux1_x86_64.manylinux_2_17_x86_64.manylinux2014_x86_64.whl", hash = "sha256:8929543a7192c13d177b770008bc4e8119f2e1f881d563fc6b6305d2d0ebe9de"},
    {file = "coverage-7.6.1-cp38-cp38-musllinux_1_2_aarch64.whl", hash = "sha256:a09ece4a69cf399510c8ab25e0950d9cf2b42f7b3cb0374f95d2e2ff594478a6"},
    {file = "coverage-7.6.1-cp38-cp38-musllinux_1_2_i686.whl", hash = "sha256:9054a0754de38d9dbd01a46621636689124d666bad1936d76c0341f7d71bf569"},
    {file = "coverage-7.6.1-cp38-cp38-musllinux_1_2_x86_64.whl", hash = "sha256:0dbde0f4aa9a16fa4d754356a8f2e36296ff4d83994b2c9d8398aa32f222f989"},
    {file = "coverage-7.6.1-cp38-cp38-win32.whl", hash = "sha256:da511e6ad4f7323ee5702e6633085fb76c2f893aaf8ce4c51a0ba4fc07580ea7"},
    {file = "coverage-7.6.1-cp38-cp38-win_amd64.whl", hash = "sha256:3f1156e3e8f2872197af3840d8ad307a9dd18e615dc64d9ee41696f287c57ad8"},
    {file = "coverage-7.6.1-cp39-cp39-macosx_10_9_x86_64.whl", hash = "sha256:abd5fd0db5f4dc9289408aaf34908072f805ff7792632250dcb36dc591d24255"},
    {file = "coverage-7.6.1-cp39-cp39-macosx_11_0_arm64.whl", hash = "sha256:547f45fa1a93154bd82050a7f3cddbc1a7a4dd2a9bf5cb7d06f4ae29fe94eaf8"},
    {file = "coverage-7.6.1-cp39-cp39-manylinux_2_17_aarch64.manylinux2014_aarch64.whl", hash = "sha256:645786266c8f18a931b65bfcefdbf6952dd0dea98feee39bd188607a9d307ed2"},
    {file = "coverage-7.6.1-cp39-cp39-manylinux_2_5_i686.manylinux1_i686.manylinux_2_17_i686.manylinux2014_i686.whl", hash = "sha256:9e0b2df163b8ed01d515807af24f63de04bebcecbd6c3bfeff88385789fdf75a"},
    {file = "coverage-7.6.1-cp39-cp39-manylinux_2_5_x86_64.manylinux1_x86_64.manylinux_2_17_x86_64.manylinux2014_x86_64.whl", hash = "sha256:609b06f178fe8e9f89ef676532760ec0b4deea15e9969bf754b37f7c40326dbc"},
    {file = "coverage-7.6.1-cp39-cp39-musllinux_1_2_aarch64.whl", hash = "sha256:702855feff378050ae4f741045e19a32d57d19f3e0676d589df0575008ea5004"},
    {file = "coverage-7.6.1-cp39-cp39-musllinux_1_2_i686.whl", hash = "sha256:2bdb062ea438f22d99cba0d7829c2ef0af1d768d1e4a4f528087224c90b132cb"},
    {file = "coverage-7.6.1-cp39-cp39-musllinux_1_2_x86_64.whl", hash = "sha256:9c56863d44bd1c4fe2abb8a4d6f5371d197f1ac0ebdee542f07f35895fc07f36"},
    {file = "coverage-7.6.1-cp39-cp39-win32.whl", hash = "sha256:6e2cd258d7d927d09493c8df1ce9174ad01b381d4729a9d8d4e38670ca24774c"},
    {file = "coverage-7.6.1-cp39-cp39-win_amd64.whl", hash = "sha256:06a737c882bd26d0d6ee7269b20b12f14a8704807a01056c80bb881a4b2ce6ca"},
    {file = "coverage-7.6.1-pp38.pp39.pp310-none-any.whl", hash = "sha256:e9a6e0eb86070e8ccaedfbd9d38fec54864f3125ab95419970575b42af7541df"},
    {file = "coverage-7.6.1.tar.gz", hash = "sha256:953510dfb7b12ab69d20135a0662397f077c59b1e6379a768e97c59d852ee51d"},
]

[package.dependencies]
tomli = {version = "*", optional = true, markers = "python_full_version <= \"3.11.0a6\" and extra == \"toml\""}

[package.extras]
toml = ["tomli"]

[[package]]
name = "exceptiongroup"
version = "1.2.2"
description = "Backport of PEP 654 (exception groups)"
optional = false
python-versions = ">=3.7"
files = [
    {file = "exceptiongroup-1.2.2-py3-none-any.whl", hash = "sha256:3111b9d131c238bec2f8f516e123e14ba243563fb135d3fe885990585aa7795b"},
    {file = "exceptiongroup-1.2.2.tar.gz", hash = "sha256:47c2edf7c6738fafb49fd34290706d1a1a2f4d1c6df275526b62cbb4aa5393cc"},
]

[package.extras]
test = ["pytest (>=6)"]

[[package]]
name = "fakeredis"
version = "2.25.1"
description = "Python implementation of redis API, can be used for testing purposes."
optional = false
python-versions = "<4.0,>=3.7"
files = [
    {file = "fakeredis-2.25.1-py3-none-any.whl", hash = "sha256:d08dcbaceae0804db4644fa634106e3c42d76fe4d11aea2949eda768df0c6450"},
    {file = "fakeredis-2.25.1.tar.gz", hash = "sha256:e9e73bacf412d1d942ee7f80525dc188182158e82d41be57eb9c4e71f7474ac8"},
]

[package.dependencies]
jsonpath-ng = {version = ">=1.6,<2.0", optional = true, markers = "extra == \"json\""}
lupa = {version = ">=2.1,<3.0", optional = true, markers = "extra == \"lua\""}
pyprobables = {version = ">=0.6,<0.7", optional = true, markers = "extra == \"bf\" or extra == \"cf\" or extra == \"probabilistic\""}
redis = {version = ">=4.3", markers = "python_full_version > \"3.8.0\""}
sortedcontainers = ">=2,<3"
typing-extensions = {version = ">=4.7,<5.0", markers = "python_version < \"3.11\""}

[package.extras]
bf = ["pyprobables (>=0.6,<0.7)"]
cf = ["pyprobables (>=0.6,<0.7)"]
json = ["jsonpath-ng (>=1.6,<2.0)"]
lua = ["lupa (>=2.1,<3.0)"]
probabilistic = ["pyprobables (>=0.6,<0.7)"]

[[package]]
name = "hypothesis"
version = "6.112.2"
description = "A library for property-based testing"
optional = false
python-versions = ">=3.8"
files = [
    {file = "hypothesis-6.112.2-py3-none-any.whl", hash = "sha256:914b55f75b7c6f653cd36fef66b61a773a51c1e363939fcbc0216773ff4ee0d9"},
    {file = "hypothesis-6.112.2.tar.gz", hash = "sha256:90cd62d9487eaf294bf0dceb47dbaca6432408b2e9417cfa6e3409313dbde95b"},
]

[package.dependencies]
attrs = ">=22.2.0"
exceptiongroup = {version = ">=1.0.0", markers = "python_version < \"3.11\""}
sortedcontainers = ">=2.1.0,<3.0.0"

[package.extras]
all = ["backports.zoneinfo (>=0.2.1)", "black (>=19.10b0)", "click (>=7.0)", "crosshair-tool (>=0.0.72)", "django (>=3.2)", "dpcontracts (>=0.4)", "hypothesis-crosshair (>=0.0.14)", "lark (>=0.10.1)", "libcst (>=0.3.16)", "numpy (>=1.17.3)", "pandas (>=1.1)", "pytest (>=4.6)", "python-dateutil (>=1.4)", "pytz (>=2014.1)", "redis (>=3.0.0)", "rich (>=9.0.0)", "tzdata (>=2024.2)"]
cli = ["black (>=19.10b0)", "click (>=7.0)", "rich (>=9.0.0)"]
codemods = ["libcst (>=0.3.16)"]
crosshair = ["crosshair-tool (>=0.0.72)", "hypothesis-crosshair (>=0.0.14)"]
dateutil = ["python-dateutil (>=1.4)"]
django = ["django (>=3.2)"]
dpcontracts = ["dpcontracts (>=0.4)"]
ghostwriter = ["black (>=19.10b0)"]
lark = ["lark (>=0.10.1)"]
numpy = ["numpy (>=1.17.3)"]
pandas = ["pandas (>=1.1)"]
pytest = ["pytest (>=4.6)"]
pytz = ["pytz (>=2014.1)"]
redis = ["redis (>=3.0.0)"]
zoneinfo = ["backports.zoneinfo (>=0.2.1)", "tzdata (>=2024.2)"]

[[package]]
name = "iniconfig"
version = "2.0.0"
description = "brain-dead simple config-ini parsing"
optional = false
python-versions = ">=3.7"
files = [
    {file = "iniconfig-2.0.0-py3-none-any.whl", hash = "sha256:b6a85871a79d2e3b22d2d1b94ac2824226a63c6b741c88f7ae975f18b6778374"},
    {file = "iniconfig-2.0.0.tar.gz", hash = "sha256:2d91e135bf72d31a410b17c16da610a82cb55f6b0477d1a902134b24a455b8b3"},
]

[[package]]
name = "jinja2"
version = "3.1.4"
description = "A very fast and expressive template engine."
optional = false
python-versions = ">=3.7"
files = [
    {file = "jinja2-3.1.4-py3-none-any.whl", hash = "sha256:bc5dd2abb727a5319567b7a813e6a2e7318c39f4f487cfe6c89c6f9c7d25197d"},
    {file = "jinja2-3.1.4.tar.gz", hash = "sha256:4a3aee7acbbe7303aede8e9648d13b8bf88a429282aa6122a993f0ac800cb369"},
]

[package.dependencies]
MarkupSafe = ">=2.0"

[package.extras]
i18n = ["Babel (>=2.7)"]

[[package]]
name = "jsonpath-ng"
version = "1.6.1"
description = "A final implementation of JSONPath for Python that aims to be standard compliant, including arithmetic and binary comparison operators and providing clear AST for metaprogramming."
optional = false
python-versions = "*"
files = [
    {file = "jsonpath-ng-1.6.1.tar.gz", hash = "sha256:086c37ba4917304850bd837aeab806670224d3f038fe2833ff593a672ef0a5fa"},
    {file = "jsonpath_ng-1.6.1-py3-none-any.whl", hash = "sha256:8f22cd8273d7772eea9aaa84d922e0841aa36fdb8a2c6b7f6c3791a16a9bc0be"},
]

[package.dependencies]
ply = "*"

[[package]]
name = "lupa"
version = "2.2"
description = "Python wrapper around Lua and LuaJIT"
optional = false
python-versions = "*"
files = [
    {file = "lupa-2.2-cp27-cp27m-macosx_11_0_x86_64.whl", hash = "sha256:4bb05e3fc8f794b4a1b8a38229c3b4ae47f83cfbe7f6b172032f66d3308a0934"},
    {file = "lupa-2.2-cp310-cp310-macosx_11_0_arm64.whl", hash = "sha256:13062395e716cebe25dfc6dc3738a9eb514bb052b52af25cf502c1fd74affd21"},
    {file = "lupa-2.2-cp310-cp310-macosx_11_0_universal2.whl", hash = "sha256:e673443dd7f7f0510bb9f4b0dc6bad6932d271b0afdbdc492fa71e9b9eab638d"},
    {file = "lupa-2.2-cp310-cp310-macosx_11_0_x86_64.whl", hash = "sha256:3b47702b94e9e391052118cbde253f69a0af96ec776f48af74e72f30d740ccc9"},
    {file = "lupa-2.2-cp310-cp310-manylinux_2_12_i686.manylinux2010_i686.manylinux_2_17_i686.manylinux2014_i686.whl", hash = "sha256:2242884a5078cd2507f15a162b5faf6f39a1f27654a1cc7db09cdb65b0b599b3"},
    {file = "lupa-2.2-cp310-cp310-manylinux_2_17_aarch64.manylinux2014_aarch64.whl", hash = "sha256:8555526f03bb41d5aef16d105e8f51da1000d833e90d846448cf745ca6cd72e8"},
    {file = "lupa-2.2-cp310-cp310-manylinux_2_17_x86_64.manylinux2014_x86_64.whl", hash = "sha256:a50807c6cc11d3ecf568d964be6708e26d4669d435c76fcb568a98d1dd6e8ae9"},
    {file = "lupa-2.2-cp310-cp310-musllinux_1_1_aarch64.whl", hash = "sha256:c140dd19614e43b76b84295945878cea3cdf7ed34e133b1a8c0e3fa7efc9c6ac"},
    {file = "lupa-2.2-cp310-cp310-musllinux_1_1_i686.whl", hash = "sha256:c725c1832b0c6095583a6a57273e6f33a6b55230f90bcacdf06934ce21ef04e9"},
    {file = "lupa-2.2-cp310-cp310-musllinux_1_1_x86_64.whl", hash = "sha256:18a302810735da688d21e8397c696e68b89dbe3c45a3fdc3406f5c0e55887467"},
    {file = "lupa-2.2-cp310-cp310-win32.whl", hash = "sha256:a4f03aa308d949a3f2e4e755ffc6a698d3ea02fccd34014fab496efb99b3d4f4"},
    {file = "lupa-2.2-cp310-cp310-win_amd64.whl", hash = "sha256:8494802f789174cd26176e6b408e60e468cda348d4f767562d06991604813f61"},
    {file = "lupa-2.2-cp311-cp311-macosx_11_0_arm64.whl", hash = "sha256:95ee903ab71c3e6498bcd3bca60938a961c84fae47cdf23389a48c73e15dbad2"},
    {file = "lupa-2.2-cp311-cp311-macosx_11_0_universal2.whl", hash = "sha256:011dbc81a790693b5457a0d761b032a8acdcc2945e32ca6ef34a7698bda0b09a"},
    {file = "lupa-2.2-cp311-cp311-macosx_11_0_x86_64.whl", hash = "sha256:8c89d8e99f684dfedccbf2f0dbdcc28deb73c4ff0545452f43ec02330dacfe0c"},
    {file = "lupa-2.2-cp311-cp311-manylinux_2_12_i686.manylinux2010_i686.manylinux_2_17_i686.manylinux2014_i686.whl", hash = "sha256:26c3edea3ce6465364af6cc1c134b7f23a3ff919e5e499720acbff01b14b9931"},
    {file = "lupa-2.2-cp311-cp311-manylinux_2_17_aarch64.manylinux2014_aarch64.whl", hash = "sha256:9cd6afa3f6c998ac55f90b0665266c19100387de55d25af25ef4a35197d29d52"},
    {file = "lupa-2.2-cp311-cp311-manylinux_2_17_x86_64.manylinux2014_x86_64.whl", hash = "sha256:5b79bef7f48696bf70eff165afa49778470607dce6420b497eb82cfae1af6947"},
    {file = "lupa-2.2-cp311-cp311-musllinux_1_1_aarch64.whl", hash = "sha256:08e2bfa98725f7495cef30d42d87fff82795b9b9e76b740521828784b778ade7"},
    {file = "lupa-2.2-cp311-cp311-musllinux_1_1_i686.whl", hash = "sha256:0318ceb4d1782776bae7495a3bd3d50e57f80115ecbeff1e95d87a4e9411acf2"},
    {file = "lupa-2.2-cp311-cp311-musllinux_1_1_x86_64.whl", hash = "sha256:9180dc7ee5c580cee41d9afac0b7c738cf7f6badf4a1398a6e1921dff155619c"},
    {file = "lupa-2.2-cp311-cp311-win32.whl", hash = "sha256:82077fe962c6e9ae1652e826f58e6250d1daa13c446ba1f4d6b68f16df65db0b"},
    {file = "lupa-2.2-cp311-cp311-win_amd64.whl", hash = "sha256:e2d2b9a6a4ef109b75668e26204f122196f33907ce3ccc80322ca70f84f81598"},
    {file = "lupa-2.2-cp312-cp312-macosx_11_0_arm64.whl", hash = "sha256:8cd872e16e736a3ecb800e70b4f36a66c794b7d339247712244a515561da4ff5"},
    {file = "lupa-2.2-cp312-cp312-macosx_11_0_universal2.whl", hash = "sha256:6e8027ad53daa511e4a049eb0eb9f71b46fd2c5be6897fc68d75288b04086d4d"},
    {file = "lupa-2.2-cp312-cp312-macosx_11_0_x86_64.whl", hash = "sha256:0a7bd2841fd41b718d415162ec53b7d00079c27b1c5c1a2f2d0fb8080dd64d73"},
    {file = "lupa-2.2-cp312-cp312-manylinux_2_12_i686.manylinux2010_i686.manylinux_2_17_i686.manylinux2014_i686.whl", hash = "sha256:63eff3aa68791b5c9a400f89f18018f4f63b8619adaa603fcd09392b87ca6b9b"},
    {file = "lupa-2.2-cp312-cp312-manylinux_2_17_aarch64.manylinux2014_aarch64.whl", hash = "sha256:8ab43356bb269ca4f03d25200b7559581cd791fbc631104c3e7d186d3c37221f"},
    {file = "lupa-2.2-cp312-cp312-manylinux_2_17_x86_64.manylinux2014_x86_64.whl", hash = "sha256:556779c0c28a2948749817ffd62dec882c834a6445aeff5d31ae862e14eebb21"},
    {file = "lupa-2.2-cp312-cp312-musllinux_1_1_aarch64.whl", hash = "sha256:42fd611a099ab1804a8d23154d4c7b2221557c94d34f8964da0dc03760f15d3d"},
    {file = "lupa-2.2-cp312-cp312-musllinux_1_1_i686.whl", hash = "sha256:63d5ae8ccbafe0aa0034da32f18fc692963df1b5e1ebf91e76f504de1d5aecff"},
    {file = "lupa-2.2-cp312-cp312-musllinux_1_1_x86_64.whl", hash = "sha256:3d3d9e5991861d8ee28709d94e673b89bdea10188b34a155835ba2dbbc7d26a7"},
    {file = "lupa-2.2-cp312-cp312-win32.whl", hash = "sha256:58a3621579b26ad5a524c1c41623ec551160653e915cf4aa41453f4339821b89"},
    {file = "lupa-2.2-cp312-cp312-win_amd64.whl", hash = "sha256:8e8ff117eca26f5cedcd2b2467cf56d0c64cfcb804b5083a36d818b57edc4036"},
    {file = "lupa-2.2-cp36-cp36m-macosx_11_0_x86_64.whl", hash = "sha256:afe2b90c65f61f7d5ad55cdbfbb89cb50e5ab4d6184ea975befc51ffdc20dc8f"},
    {file = "lupa-2.2-cp36-cp36m-manylinux_2_12_i686.manylinux2010_i686.manylinux_2_17_i686.manylinux2014_i686.whl", hash = "sha256:c597ea2dc203767dcb5a853cf885a7238b0639f5b7cb5c6ad5dbe5d2b39e25c6"},
    {file = "lupa-2.2-cp36-cp36m-manylinux_2_17_aarch64.manylinux2014_aarch64.whl", hash = "sha256:8149dcbe9953e8cad991949dec41bf6dbaa8a2d613e4b024f98e510b0aab4fa4"},
    {file = "lupa-2.2-cp36-cp36m-manylinux_2_17_x86_64.manylinux2014_x86_64.whl", hash = "sha256:92e1c6a1f380bc829618d0e95c15612b6e2604baa8ffd42547451e9d842837ae"},
    {file = "lupa-2.2-cp36-cp36m-musllinux_1_1_aarch64.whl", hash = "sha256:56be246cf7126f980c13b79a03ad43361dee5a65f8be8c4e2feb58a2bdcc5a2a"},
    {file = "lupa-2.2-cp36-cp36m-musllinux_1_1_i686.whl", hash = "sha256:da3460b920d4520ae8a3927b92c22402592fe2e31f08492c3c0ba9b8eadee302"},
    {file = "lupa-2.2-cp36-cp36m-musllinux_1_1_x86_64.whl", hash = "sha256:211d3371d9836d87b2097f520492241cd5e06b29ca8777739c4fe30a1df4c76c"},
    {file = "lupa-2.2-cp36-cp36m-win32.whl", hash = "sha256:617fc3532f224619e15d45adb9c9af8f4690e36cad332d68d49e78463e51d528"},
    {file = "lupa-2.2-cp36-cp36m-win_amd64.whl", hash = "sha256:50b2f0f8bfcacd68c9ae0a2872ff4b90c2df0490f193253c922283a295f23b6a"},
    {file = "lupa-2.2-cp37-cp37m-macosx_11_0_x86_64.whl", hash = "sha256:f3de07b7f19296a702c8710f44b221aefe6563461e209198862cd1f06401b13d"},
    {file = "lupa-2.2-cp37-cp37m-manylinux_2_12_i686.manylinux2010_i686.manylinux_2_17_i686.manylinux2014_i686.whl", hash = "sha256:eed6529c89ea475cbc403ed6e8670f1adf9eb2eb34b7610690d9827d35759a3c"},
    {file = "lupa-2.2-cp37-cp37m-manylinux_2_17_aarch64.manylinux2014_aarch64.whl", hash = "sha256:1cc171b352c187a012bbc5c20692236843e8c123c60569be872cb72bb7edcbd4"},
    {file = "lupa-2.2-cp37-cp37m-manylinux_2_17_x86_64.manylinux2014_x86_64.whl", hash = "sha256:704ed8f5a91133a8d62cba2d6fe4f2e43c7ee6f3998484d31abcfc4a57bedd1e"},
    {file = "lupa-2.2-cp37-cp37m-musllinux_1_1_aarch64.whl", hash = "sha256:d2aa0fba09a045f5bcc638ede0f614fcd36339da58b7415a1e66e3590781a4a5"},
    {file = "lupa-2.2-cp37-cp37m-musllinux_1_1_i686.whl", hash = "sha256:b2b911d3890fa93ae3f83c5d806008c3b551941813b39e7605def137a9b9b064"},
    {file = "lupa-2.2-cp37-cp37m-musllinux_1_1_x86_64.whl", hash = "sha256:00bcae88a2123f0cfd34f7206cc2d88008d905ebc065d41797827d046404b09e"},
    {file = "lupa-2.2-cp37-cp37m-win32.whl", hash = "sha256:225bbe9e58881bb92f96c6b43587168ed329b2b37c3236a9883efa681aec9f5a"},
    {file = "lupa-2.2-cp37-cp37m-win_amd64.whl", hash = "sha256:57662d9653e157872caeaa622d966aa1da7bb8fe8646b63fb1194a3cdb98c417"},
    {file = "lupa-2.2-cp38-cp38-macosx_11_0_arm64.whl", hash = "sha256:cc728fbe6d4e668ad8bec979ef86675387ca640e319ec029e0fc8f2bc9c3d224"},
    {file = "lupa-2.2-cp38-cp38-macosx_11_0_x86_64.whl", hash = "sha256:33a2beebe078e13770eff5d12a22d98a425fff89f87af2155c32769adc0114f1"},
    {file = "lupa-2.2-cp38-cp38-manylinux_2_12_i686.manylinux2010_i686.manylinux_2_17_i686.manylinux2014_i686.whl", hash = "sha256:fd1e95d8a399ff379d09358490171965aaa25007ed06488b972df08f1b3df509"},
    {file = "lupa-2.2-cp38-cp38-manylinux_2_17_aarch64.manylinux2014_aarch64.whl", hash = "sha256:a63d1bc6a473813c707cf5badbfba081bf7cfbd761d58e1812c9a65a477146f9"},
    {file = "lupa-2.2-cp38-cp38-manylinux_2_17_x86_64.manylinux2014_x86_64.whl", hash = "sha256:df6e1bdd13f6fbdab2212bf08c24c232653832673c21c10ba576f89770e58686"},
    {file = "lupa-2.2-cp38-cp38-musllinux_1_1_aarch64.whl", hash = "sha256:26f2617544e4b8cf2a4c1873e6f4feb7e547f4c06bfd088a24547d37f68a3945"},
    {file = "lupa-2.2-cp38-cp38-musllinux_1_1_i686.whl", hash = "sha256:189856225402eab6dc467b77190c5beddc5c004a9cdc5855e7517206f3b380ca"},
    {file = "lupa-2.2-cp38-cp38-musllinux_1_1_x86_64.whl", hash = "sha256:2563d55538ebecab1d8768c77e1972f7768440b8e41aff4466352b942aa50dd1"},
    {file = "lupa-2.2-cp38-cp38-win32.whl", hash = "sha256:6c7e418bd39b9e2717654ed52ea55b681247d95139da958603e0766ed138b190"},
    {file = "lupa-2.2-cp38-cp38-win_amd64.whl", hash = "sha256:3facbd310fc73d3bcdb8cb363df80524ee52ac25b7566d0f0fb8b300b04c3bdb"},
    {file = "lupa-2.2-cp39-cp39-macosx_11_0_arm64.whl", hash = "sha256:cda04e655af89824a92b4ca168524e0f526b78da5f39f66103cc3b6a924ef60c"},
    {file = "lupa-2.2-cp39-cp39-macosx_11_0_universal2.whl", hash = "sha256:c49d1962478fa6a94b468e0dd6f725034ee690f41ae03217ff4672f370a7a099"},
    {file = "lupa-2.2-cp39-cp39-macosx_11_0_x86_64.whl", hash = "sha256:6bddf06f4f4b2257701e12690c5e951eb6a02b88633b7a43cc160172ff3a88b5"},
    {file = "lupa-2.2-cp39-cp39-manylinux_2_12_i686.manylinux2010_i686.manylinux_2_17_i686.manylinux2014_i686.whl", hash = "sha256:10c3bb414fc3a4ba9ac3e57a17ffd4c3d0db6da78c53b6792de5a964b5539e42"},
    {file = "lupa-2.2-cp39-cp39-manylinux_2_17_aarch64.manylinux2014_aarch64.whl", hash = "sha256:10c2c81bc96f2091210aaf046ef22f920581a3e161b3961121171e02595ca6fb"},
    {file = "lupa-2.2-cp39-cp39-manylinux_2_17_x86_64.manylinux2014_x86_64.whl", hash = "sha256:11193c9e7fe1b82d921991c68a33f5b08c8e0c16d67d173768fc80f8c75d9d52"},
    {file = "lupa-2.2-cp39-cp39-musllinux_1_1_aarch64.whl", hash = "sha256:9e149fafd20e748818a0b718abc42f099a3cc6debc7c6932564d7e475291f0e2"},
    {file = "lupa-2.2-cp39-cp39-musllinux_1_1_i686.whl", hash = "sha256:2518128f38a4608bbc5375404082a3c22c86037639842fb7b1fc2b4f5d2a41e3"},
    {file = "lupa-2.2-cp39-cp39-musllinux_1_1_x86_64.whl", hash = "sha256:756fc6aa5ca3a6b7764c474ef061760c5d38e2dd96c21567ab3c7d4f5ed2c3a7"},
    {file = "lupa-2.2-cp39-cp39-win32.whl", hash = "sha256:9b2b7148a77f60b7b193aec2bd820e89c1ecaab9838ca81c8212e2f972df1a1d"},
    {file = "lupa-2.2-cp39-cp39-win_amd64.whl", hash = "sha256:93216d7ae8bb373a8a388b058960a00eaaa6a01e5e2306a13e65db1024181a62"},
    {file = "lupa-2.2-pp310-pypy310_pp73-macosx_11_0_x86_64.whl", hash = "sha256:e4cd8c6f725a5629551ac08979d0631af6bed2564cf87dcae489bcb53bdab808"},
    {file = "lupa-2.2-pp310-pypy310_pp73-manylinux_2_17_x86_64.manylinux2014_x86_64.whl", hash = "sha256:95d712728d36262e0bcffea2ad4b1c3ee6122e4eb16f5a70c2f4750f34580148"},
    {file = "lupa-2.2-pp310-pypy310_pp73-win_amd64.whl", hash = "sha256:47eb46153810e868c543ffc53a3369700998a3e617cfcebf49133a79e6f56432"},
    {file = "lupa-2.2-pp37-pypy37_pp73-macosx_11_0_x86_64.whl", hash = "sha256:283066c6ef9141a66924854a78619ff16bc2efd324484807be58ca9a8e9b617a"},
    {file = "lupa-2.2-pp37-pypy37_pp73-manylinux_2_17_x86_64.manylinux2014_x86_64.whl", hash = "sha256:7141e395325f150321c3caa69178dc70224512e0483e2165d3d1ca375608abb7"},
    {file = "lupa-2.2-pp37-pypy37_pp73-win_amd64.whl", hash = "sha256:502248085d3d2dc74e642f97773367a1929daa24fcf039dd5048acdd5b49a8f9"},
    {file = "lupa-2.2-pp38-pypy38_pp73-macosx_11_0_x86_64.whl", hash = "sha256:4cdeb4a942068882c9e3751520b6de1b6c21d7c2526a2040755b62c7cb46308f"},
    {file = "lupa-2.2-pp38-pypy38_pp73-manylinux_2_17_x86_64.manylinux2014_x86_64.whl", hash = "sha256:bfd7e62f3149d10fa3485f4d5143f74b295787708b1974f7fad74b65fb911fa1"},
    {file = "lupa-2.2-pp38-pypy38_pp73-win_amd64.whl", hash = "sha256:4c78b3b7137212a9ef881adca3168a376445da3a7dc322b2416c90a73c81db2c"},
    {file = "lupa-2.2-pp39-pypy39_pp73-macosx_11_0_x86_64.whl", hash = "sha256:ecd1b3a4d8db553c4eaed742843f4b7d77bca795ec9f4292385709bcf691e8a3"},
    {file = "lupa-2.2-pp39-pypy39_pp73-manylinux_2_17_x86_64.manylinux2014_x86_64.whl", hash = "sha256:36db930207c15656b9989721ea41ba8c039abd088cc7242bb690aa72a4978e68"},
    {file = "lupa-2.2-pp39-pypy39_pp73-win_amd64.whl", hash = "sha256:8ccba6f5cd8bdecf4000531298e6edd803547340752b80fe5b74911fa6119cc8"},
    {file = "lupa-2.2.tar.gz", hash = "sha256:665a006bcf8d9aacdfdb953824b929d06a0c55910a662b59be2f157ab4c8924d"},
]

[[package]]
name = "markupsafe"
version = "2.1.5"
description = "Safely add untrusted strings to HTML/XML markup."
optional = false
python-versions = ">=3.7"
files = [
    {file = "MarkupSafe-2.1.5-cp310-cp310-macosx_10_9_universal2.whl", hash = "sha256:a17a92de5231666cfbe003f0e4b9b3a7ae3afb1ec2845aadc2bacc93ff85febc"},
    {file = "MarkupSafe-2.1.5-cp310-cp310-macosx_10_9_x86_64.whl", hash = "sha256:72b6be590cc35924b02c78ef34b467da4ba07e4e0f0454a2c5907f473fc50ce5"},
    {file = "MarkupSafe-2.1.5-cp310-cp310-manylinux_2_17_aarch64.manylinux2014_aarch64.whl", hash = "sha256:e61659ba32cf2cf1481e575d0462554625196a1f2fc06a1c777d3f48e8865d46"},
    {file = "MarkupSafe-2.1.5-cp310-cp310-manylinux_2_17_x86_64.manylinux2014_x86_64.whl", hash = "sha256:2174c595a0d73a3080ca3257b40096db99799265e1c27cc5a610743acd86d62f"},
    {file = "MarkupSafe-2.1.5-cp310-cp310-manylinux_2_5_i686.manylinux1_i686.manylinux_2_17_i686.manylinux2014_i686.whl", hash = "sha256:ae2ad8ae6ebee9d2d94b17fb62763125f3f374c25618198f40cbb8b525411900"},
    {file = "MarkupSafe-2.1.5-cp310-cp310-musllinux_1_1_aarch64.whl", hash = "sha256:075202fa5b72c86ad32dc7d0b56024ebdbcf2048c0ba09f1cde31bfdd57bcfff"},
    {file = "MarkupSafe-2.1.5-cp310-cp310-musllinux_1_1_i686.whl", hash = "sha256:598e3276b64aff0e7b3451b72e94fa3c238d452e7ddcd893c3ab324717456bad"},
    {file = "MarkupSafe-2.1.5-cp310-cp310-musllinux_1_1_x86_64.whl", hash = "sha256:fce659a462a1be54d2ffcacea5e3ba2d74daa74f30f5f143fe0c58636e355fdd"},
    {file = "MarkupSafe-2.1.5-cp310-cp310-win32.whl", hash = "sha256:d9fad5155d72433c921b782e58892377c44bd6252b5af2f67f16b194987338a4"},
    {file = "MarkupSafe-2.1.5-cp310-cp310-win_amd64.whl", hash = "sha256:bf50cd79a75d181c9181df03572cdce0fbb75cc353bc350712073108cba98de5"},
    {file = "MarkupSafe-2.1.5-cp311-cp311-macosx_10_9_universal2.whl", hash = "sha256:629ddd2ca402ae6dbedfceeba9c46d5f7b2a61d9749597d4307f943ef198fc1f"},
    {file = "MarkupSafe-2.1.5-cp311-cp311-macosx_10_9_x86_64.whl", hash = "sha256:5b7b716f97b52c5a14bffdf688f971b2d5ef4029127f1ad7a513973cfd818df2"},
    {file = "MarkupSafe-2.1.5-cp311-cp311-manylinux_2_17_aarch64.manylinux2014_aarch64.whl", hash = "sha256:6ec585f69cec0aa07d945b20805be741395e28ac1627333b1c5b0105962ffced"},
    {file = "MarkupSafe-2.1.5-cp311-cp311-manylinux_2_17_x86_64.manylinux2014_x86_64.whl", hash = "sha256:b91c037585eba9095565a3556f611e3cbfaa42ca1e865f7b8015fe5c7336d5a5"},
    {file = "MarkupSafe-2.1.5-cp311-cp311-manylinux_2_5_i686.manylinux1_i686.manylinux_2_17_i686.manylinux2014_i686.whl", hash = "sha256:7502934a33b54030eaf1194c21c692a534196063db72176b0c4028e140f8f32c"},
    {file = "MarkupSafe-2.1.5-cp311-cp311-musllinux_1_1_aarch64.whl", hash = "sha256:0e397ac966fdf721b2c528cf028494e86172b4feba51d65f81ffd65c63798f3f"},
    {file = "MarkupSafe-2.1.5-cp311-cp311-musllinux_1_1_i686.whl", hash = "sha256:c061bb86a71b42465156a3ee7bd58c8c2ceacdbeb95d05a99893e08b8467359a"},
    {file = "MarkupSafe-2.1.5-cp311-cp311-musllinux_1_1_x86_64.whl", hash = "sha256:3a57fdd7ce31c7ff06cdfbf31dafa96cc533c21e443d57f5b1ecc6cdc668ec7f"},
    {file = "MarkupSafe-2.1.5-cp311-cp311-win32.whl", hash = "sha256:397081c1a0bfb5124355710fe79478cdbeb39626492b15d399526ae53422b906"},
    {file = "MarkupSafe-2.1.5-cp311-cp311-win_amd64.whl", hash = "sha256:2b7c57a4dfc4f16f7142221afe5ba4e093e09e728ca65c51f5620c9aaeb9a617"},
    {file = "MarkupSafe-2.1.5-cp312-cp312-macosx_10_9_universal2.whl", hash = "sha256:8dec4936e9c3100156f8a2dc89c4b88d5c435175ff03413b443469c7c8c5f4d1"},
    {file = "MarkupSafe-2.1.5-cp312-cp312-macosx_10_9_x86_64.whl", hash = "sha256:3c6b973f22eb18a789b1460b4b91bf04ae3f0c4234a0a6aa6b0a92f6f7b951d4"},
    {file = "MarkupSafe-2.1.5-cp312-cp312-manylinux_2_17_aarch64.manylinux2014_aarch64.whl", hash = "sha256:ac07bad82163452a6884fe8fa0963fb98c2346ba78d779ec06bd7a6262132aee"},
    {file = "MarkupSafe-2.1.5-cp312-cp312-manylinux_2_17_x86_64.manylinux2014_x86_64.whl", hash = "sha256:f5dfb42c4604dddc8e4305050aa6deb084540643ed5804d7455b5df8fe16f5e5"},
    {file = "MarkupSafe-2.1.5-cp312-cp312-manylinux_2_5_i686.manylinux1_i686.manylinux_2_17_i686.manylinux2014_i686.whl", hash = "sha256:ea3d8a3d18833cf4304cd2fc9cbb1efe188ca9b5efef2bdac7adc20594a0e46b"},
    {file = "MarkupSafe-2.1.5-cp312-cp312-musllinux_1_1_aarch64.whl", hash = "sha256:d050b3361367a06d752db6ead6e7edeb0009be66bc3bae0ee9d97fb326badc2a"},
    {file = "MarkupSafe-2.1.5-cp312-cp312-musllinux_1_1_i686.whl", hash = "sha256:bec0a414d016ac1a18862a519e54b2fd0fc8bbfd6890376898a6c0891dd82e9f"},
    {file = "MarkupSafe-2.1.5-cp312-cp312-musllinux_1_1_x86_64.whl", hash = "sha256:58c98fee265677f63a4385256a6d7683ab1832f3ddd1e66fe948d5880c21a169"},
    {file = "MarkupSafe-2.1.5-cp312-cp312-win32.whl", hash = "sha256:8590b4ae07a35970728874632fed7bd57b26b0102df2d2b233b6d9d82f6c62ad"},
    {file = "MarkupSafe-2.1.5-cp312-cp312-win_amd64.whl", hash = "sha256:823b65d8706e32ad2df51ed89496147a42a2a6e01c13cfb6ffb8b1e92bc910bb"},
    {file = "MarkupSafe-2.1.5-cp37-cp37m-macosx_10_9_x86_64.whl", hash = "sha256:c8b29db45f8fe46ad280a7294f5c3ec36dbac9491f2d1c17345be8e69cc5928f"},
    {file = "MarkupSafe-2.1.5-cp37-cp37m-manylinux_2_17_aarch64.manylinux2014_aarch64.whl", hash = "sha256:ec6a563cff360b50eed26f13adc43e61bc0c04d94b8be985e6fb24b81f6dcfdf"},
    {file = "MarkupSafe-2.1.5-cp37-cp37m-manylinux_2_17_x86_64.manylinux2014_x86_64.whl", hash = "sha256:a549b9c31bec33820e885335b451286e2969a2d9e24879f83fe904a5ce59d70a"},
    {file = "MarkupSafe-2.1.5-cp37-cp37m-manylinux_2_5_i686.manylinux1_i686.manylinux_2_17_i686.manylinux2014_i686.whl", hash = "sha256:4f11aa001c540f62c6166c7726f71f7573b52c68c31f014c25cc7901deea0b52"},
    {file = "MarkupSafe-2.1.5-cp37-cp37m-musllinux_1_1_aarch64.whl", hash = "sha256:7b2e5a267c855eea6b4283940daa6e88a285f5f2a67f2220203786dfa59b37e9"},
    {file = "MarkupSafe-2.1.5-cp37-cp37m-musllinux_1_1_i686.whl", hash = "sha256:2d2d793e36e230fd32babe143b04cec8a8b3eb8a3122d2aceb4a371e6b09b8df"},
    {file = "MarkupSafe-2.1.5-cp37-cp37m-musllinux_1_1_x86_64.whl", hash = "sha256:ce409136744f6521e39fd8e2a24c53fa18ad67aa5bc7c2cf83645cce5b5c4e50"},
    {file = "MarkupSafe-2.1.5-cp37-cp37m-win32.whl", hash = "sha256:4096e9de5c6fdf43fb4f04c26fb114f61ef0bf2e5604b6ee3019d51b69e8c371"},
    {file = "MarkupSafe-2.1.5-cp37-cp37m-win_amd64.whl", hash = "sha256:4275d846e41ecefa46e2015117a9f491e57a71ddd59bbead77e904dc02b1bed2"},
    {file = "MarkupSafe-2.1.5-cp38-cp38-macosx_10_9_universal2.whl", hash = "sha256:656f7526c69fac7f600bd1f400991cc282b417d17539a1b228617081106feb4a"},
    {file = "MarkupSafe-2.1.5-cp38-cp38-macosx_10_9_x86_64.whl", hash = "sha256:97cafb1f3cbcd3fd2b6fbfb99ae11cdb14deea0736fc2b0952ee177f2b813a46"},
    {file = "MarkupSafe-2.1.5-cp38-cp38-manylinux_2_17_aarch64.manylinux2014_aarch64.whl", hash = "sha256:1f3fbcb7ef1f16e48246f704ab79d79da8a46891e2da03f8783a5b6fa41a9532"},
    {file = "MarkupSafe-2.1.5-cp38-cp38-manylinux_2_17_x86_64.manylinux2014_x86_64.whl", hash = "sha256:fa9db3f79de01457b03d4f01b34cf91bc0048eb2c3846ff26f66687c2f6d16ab"},
    {file = "MarkupSafe-2.1.5-cp38-cp38-manylinux_2_5_i686.manylinux1_i686.manylinux_2_17_i686.manylinux2014_i686.whl", hash = "sha256:ffee1f21e5ef0d712f9033568f8344d5da8cc2869dbd08d87c84656e6a2d2f68"},
    {file = "MarkupSafe-2.1.5-cp38-cp38-musllinux_1_1_aarch64.whl", hash = "sha256:5dedb4db619ba5a2787a94d877bc8ffc0566f92a01c0ef214865e54ecc9ee5e0"},
    {file = "MarkupSafe-2.1.5-cp38-cp38-musllinux_1_1_i686.whl", hash = "sha256:30b600cf0a7ac9234b2638fbc0fb6158ba5bdcdf46aeb631ead21248b9affbc4"},
    {file = "MarkupSafe-2.1.5-cp38-cp38-musllinux_1_1_x86_64.whl", hash = "sha256:8dd717634f5a044f860435c1d8c16a270ddf0ef8588d4887037c5028b859b0c3"},
    {file = "MarkupSafe-2.1.5-cp38-cp38-win32.whl", hash = "sha256:daa4ee5a243f0f20d528d939d06670a298dd39b1ad5f8a72a4275124a7819eff"},
    {file = "MarkupSafe-2.1.5-cp38-cp38-win_amd64.whl", hash = "sha256:619bc166c4f2de5caa5a633b8b7326fbe98e0ccbfacabd87268a2b15ff73a029"},
    {file = "MarkupSafe-2.1.5-cp39-cp39-macosx_10_9_universal2.whl", hash = "sha256:7a68b554d356a91cce1236aa7682dc01df0edba8d043fd1ce607c49dd3c1edcf"},
    {file = "MarkupSafe-2.1.5-cp39-cp39-macosx_10_9_x86_64.whl", hash = "sha256:db0b55e0f3cc0be60c1f19efdde9a637c32740486004f20d1cff53c3c0ece4d2"},
    {file = "MarkupSafe-2.1.5-cp39-cp39-manylinux_2_17_aarch64.manylinux2014_aarch64.whl", hash = "sha256:3e53af139f8579a6d5f7b76549125f0d94d7e630761a2111bc431fd820e163b8"},
    {file = "MarkupSafe-2.1.5-cp39-cp39-manylinux_2_17_x86_64.manylinux2014_x86_64.whl", hash = "sha256:17b950fccb810b3293638215058e432159d2b71005c74371d784862b7e4683f3"},
    {file = "MarkupSafe-2.1.5-cp39-cp39-manylinux_2_5_i686.manylinux1_i686.manylinux_2_17_i686.manylinux2014_i686.whl", hash = "sha256:4c31f53cdae6ecfa91a77820e8b151dba54ab528ba65dfd235c80b086d68a465"},
    {file = "MarkupSafe-2.1.5-cp39-cp39-musllinux_1_1_aarch64.whl", hash = "sha256:bff1b4290a66b490a2f4719358c0cdcd9bafb6b8f061e45c7a2460866bf50c2e"},
    {file = "MarkupSafe-2.1.5-cp39-cp39-musllinux_1_1_i686.whl", hash = "sha256:bc1667f8b83f48511b94671e0e441401371dfd0f0a795c7daa4a3cd1dde55bea"},
    {file = "MarkupSafe-2.1.5-cp39-cp39-musllinux_1_1_x86_64.whl", hash = "sha256:5049256f536511ee3f7e1b3f87d1d1209d327e818e6ae1365e8653d7e3abb6a6"},
    {file = "MarkupSafe-2.1.5-cp39-cp39-win32.whl", hash = "sha256:00e046b6dd71aa03a41079792f8473dc494d564611a8f89bbbd7cb93295ebdcf"},
    {file = "MarkupSafe-2.1.5-cp39-cp39-win_amd64.whl", hash = "sha256:fa173ec60341d6bb97a89f5ea19c85c5643c1e7dedebc22f5181eb73573142c5"},
    {file = "MarkupSafe-2.1.5.tar.gz", hash = "sha256:d283d37a890ba4c1ae73ffadf8046435c76e7bc2247bbb63c00bd1a709c6544b"},
]

[[package]]
name = "packaging"
version = "24.1"
description = "Core utilities for Python packages"
optional = false
python-versions = ">=3.8"
files = [
    {file = "packaging-24.1-py3-none-any.whl", hash = "sha256:5b8f2217dbdbd2f7f384c41c628544e6d52f2d0f53c6d0c3ea61aa5d1d7ff124"},
    {file = "packaging-24.1.tar.gz", hash = "sha256:026ed72c8ed3fcce5bf8950572258698927fd1dbda10a5e981cdf0ac37f4f002"},
]

[[package]]
name = "pluggy"
version = "1.5.0"
description = "plugin and hook calling mechanisms for python"
optional = false
python-versions = ">=3.8"
files = [
    {file = "pluggy-1.5.0-py3-none-any.whl", hash = "sha256:44e1ad92c8ca002de6377e165f3e0f1be63266ab4d554740532335b9d75ea669"},
    {file = "pluggy-1.5.0.tar.gz", hash = "sha256:2cffa88e94fdc978c4c574f15f9e59b7f4201d439195c3715ca9e2486f1d0cf1"},
]

[package.extras]
dev = ["pre-commit", "tox"]
testing = ["pytest", "pytest-benchmark"]

[[package]]
name = "ply"
version = "3.11"
description = "Python Lex & Yacc"
optional = false
python-versions = "*"
files = [
    {file = "ply-3.11-py2.py3-none-any.whl", hash = "sha256:096f9b8350b65ebd2fd1346b12452efe5b9607f7482813ffca50c22722a807ce"},
    {file = "ply-3.11.tar.gz", hash = "sha256:00c7c1aaa88358b9c765b6d3000c6eec0ba42abca5351b095321aef446081da3"},
]

[[package]]
name = "pyprobables"
version = "0.6.0"
description = "Probabilistic data structures in python"
optional = false
python-versions = ">=3.6"
files = [
    {file = "pyprobables-0.6.0-py3-none-any.whl", hash = "sha256:85a23655e2d5e87a99e01003be8b48e9dfcc0c45e65c02f84f777b99235347db"},
    {file = "pyprobables-0.6.0.tar.gz", hash = "sha256:a4e72bdb4d3513121b33377728c9eafd2ae8495d5201d6a90abc3d52d9a17901"},
]

[[package]]
name = "pytest"
version = "8.3.3"
description = "pytest: simple powerful testing with Python"
optional = false
python-versions = ">=3.8"
files = [
    {file = "pytest-8.3.3-py3-none-any.whl", hash = "sha256:a6853c7375b2663155079443d2e45de913a911a11d669df02a50814944db57b2"},
    {file = "pytest-8.3.3.tar.gz", hash = "sha256:70b98107bd648308a7952b06e6ca9a50bc660be218d53c257cc1fc94fda10181"},
]

[package.dependencies]
colorama = {version = "*", markers = "sys_platform == \"win32\""}
exceptiongroup = {version = ">=1.0.0rc8", markers = "python_version < \"3.11\""}
iniconfig = "*"
packaging = "*"
pluggy = ">=1.5,<2"
tomli = {version = ">=1", markers = "python_version < \"3.11\""}

[package.extras]
dev = ["argcomplete", "attrs (>=19.2)", "hypothesis (>=3.56)", "mock", "pygments (>=2.7.2)", "requests", "setuptools", "xmlschema"]

[[package]]
name = "pytest-asyncio"
version = "0.24.0"
description = "Pytest support for asyncio"
optional = false
python-versions = ">=3.8"
files = [
    {file = "pytest_asyncio-0.24.0-py3-none-any.whl", hash = "sha256:a811296ed596b69bf0b6f3dc40f83bcaf341b155a269052d82efa2b25ac7037b"},
    {file = "pytest_asyncio-0.24.0.tar.gz", hash = "sha256:d081d828e576d85f875399194281e92bf8a68d60d72d1a2faf2feddb6c46b276"},
]

[package.dependencies]
pytest = ">=8.2,<9"

[package.extras]
docs = ["sphinx (>=5.3)", "sphinx-rtd-theme (>=1.0)"]
testing = ["coverage (>=6.2)", "hypothesis (>=5.7.1)"]

[[package]]
name = "pytest-cov"
version = "5.0.0"
description = "Pytest plugin for measuring coverage."
optional = false
python-versions = ">=3.8"
files = [
    {file = "pytest-cov-5.0.0.tar.gz", hash = "sha256:5837b58e9f6ebd335b0f8060eecce69b662415b16dc503883a02f45dfeb14857"},
    {file = "pytest_cov-5.0.0-py3-none-any.whl", hash = "sha256:4f0764a1219df53214206bf1feea4633c3b558a2925c8b59f144f682861ce652"},
]

[package.dependencies]
coverage = {version = ">=5.2.1", extras = ["toml"]}
pytest = ">=4.6"

[package.extras]
testing = ["fields", "hunter", "process-tests", "pytest-xdist", "virtualenv"]

[[package]]
name = "pytest-html"
version = "4.1.1"
description = "pytest plugin for generating HTML reports"
optional = false
python-versions = ">=3.8"
files = [
    {file = "pytest_html-4.1.1-py3-none-any.whl", hash = "sha256:c8152cea03bd4e9bee6d525573b67bbc6622967b72b9628dda0ea3e2a0b5dd71"},
    {file = "pytest_html-4.1.1.tar.gz", hash = "sha256:70a01e8ae5800f4a074b56a4cb1025c8f4f9b038bba5fe31e3c98eb996686f07"},
]

[package.dependencies]
jinja2 = ">=3.0.0"
pytest = ">=7.0.0"
pytest-metadata = ">=2.0.0"

[package.extras]
docs = ["pip-tools (>=6.13.0)"]
test = ["assertpy (>=1.1)", "beautifulsoup4 (>=4.11.1)", "black (>=22.1.0)", "flake8 (>=4.0.1)", "pre-commit (>=2.17.0)", "pytest-mock (>=3.7.0)", "pytest-rerunfailures (>=11.1.2)", "pytest-xdist (>=2.4.0)", "selenium (>=4.3.0)", "tox (>=3.24.5)"]

[[package]]
name = "pytest-metadata"
version = "3.1.1"
description = "pytest plugin for test session metadata"
optional = false
python-versions = ">=3.8"
files = [
    {file = "pytest_metadata-3.1.1-py3-none-any.whl", hash = "sha256:c8e0844db684ee1c798cfa38908d20d67d0463ecb6137c72e91f418558dd5f4b"},
    {file = "pytest_metadata-3.1.1.tar.gz", hash = "sha256:d2a29b0355fbc03f168aa96d41ff88b1a3b44a3b02acbe491801c98a048017c8"},
]

[package.dependencies]
pytest = ">=7.0.0"

[package.extras]
test = ["black (>=22.1.0)", "flake8 (>=4.0.1)", "pre-commit (>=2.17.0)", "tox (>=3.24.5)"]

[[package]]
name = "pytest-mock"
version = "3.14.0"
description = "Thin-wrapper around the mock package for easier use with pytest"
optional = false
python-versions = ">=3.8"
files = [
    {file = "pytest-mock-3.14.0.tar.gz", hash = "sha256:2719255a1efeceadbc056d6bf3df3d1c5015530fb40cf347c0f9afac88410bd0"},
    {file = "pytest_mock-3.14.0-py3-none-any.whl", hash = "sha256:0b72c38033392a5f4621342fe11e9219ac11ec9d375f8e2a0c164539e0d70f6f"},
]

[package.dependencies]
pytest = ">=6.2.5"

[package.extras]
dev = ["pre-commit", "pytest-asyncio", "tox"]

[[package]]
name = "pytest-timeout"
version = "2.3.1"
description = "pytest plugin to abort hanging tests"
optional = false
python-versions = ">=3.7"
files = [
    {file = "pytest-timeout-2.3.1.tar.gz", hash = "sha256:12397729125c6ecbdaca01035b9e5239d4db97352320af155b3f5de1ba5165d9"},
    {file = "pytest_timeout-2.3.1-py3-none-any.whl", hash = "sha256:68188cb703edfc6a18fad98dc25a3c61e9f24d644b0b70f33af545219fc7813e"},
]

[package.dependencies]
pytest = ">=7.0.0"

[[package]]
name = "redis"
version = "5.1.0"
description = "Python client for Redis database and key-value store"
optional = false
python-versions = ">=3.8"
files = [
    {file = "redis-5.1.0-py3-none-any.whl", hash = "sha256:fd4fccba0d7f6aa48c58a78d76ddb4afc698f5da4a2c1d03d916e4fd7ab88cdd"},
    {file = "redis-5.1.0.tar.gz", hash = "sha256:b756df1e4a3858fcc0ef861f3fc53623a96c41e2b1f5304e09e0fe758d333d40"},
]

[package.dependencies]
async-timeout = {version = ">=4.0.3", markers = "python_full_version < \"3.11.3\""}

[package.extras]
hiredis = ["hiredis (>=3.0.0)"]
ocsp = ["cryptography (>=36.0.1)", "pyopenssl (==23.2.1)", "requests (>=2.31.0)"]

[[package]]
name = "sortedcontainers"
version = "2.4.0"
description = "Sorted Containers -- Sorted List, Sorted Dict, Sorted Set"
optional = false
python-versions = "*"
files = [
    {file = "sortedcontainers-2.4.0-py2.py3-none-any.whl", hash = "sha256:a163dcaede0f1c021485e957a39245190e74249897e2ae4b2aa38595db237ee0"},
    {file = "sortedcontainers-2.4.0.tar.gz", hash = "sha256:25caa5a06cc30b6b83d11423433f65d1f9d76c4c6a0c90e3379eaa43b9bfdb88"},
]

[[package]]
name = "tomli"
version = "2.0.2"
description = "A lil' TOML parser"
optional = false
python-versions = ">=3.8"
files = [
    {file = "tomli-2.0.2-py3-none-any.whl", hash = "sha256:2ebe24485c53d303f690b0ec092806a085f07af5a5aa1464f3931eec36caaa38"},
    {file = "tomli-2.0.2.tar.gz", hash = "sha256:d46d457a85337051c36524bc5349dd91b1877838e2979ac5ced3e710ed8a60ed"},
]

[[package]]
name = "typing-extensions"
version = "4.12.2"
description = "Backported and Experimental Type Hints for Python 3.8+"
optional = false
python-versions = ">=3.8"
files = [
    {file = "typing_extensions-4.12.2-py3-none-any.whl", hash = "sha256:04e5ca0351e0f3f85c6853954072df659d0d13fac324d0072316b67d7794700d"},
    {file = "typing_extensions-4.12.2.tar.gz", hash = "sha256:1a7ead55c7e559dd4dee8856e3a88b41225abfe1ce8df57b7c13915fe121ffb8"},
]

[metadata]
lock-version = "2.0"
python-versions = "^3.10"
content-hash = "c7fb24a461b6c934fb5ef67a10701aff7bab809ee76c3cff267959c9798a6a81"
